# @generated by Move, please check-in and do not edit manually.

[move]
version = 3
manifest_digest = "F84CC151754C8E29970486F4E699D65381FDEAED14E9FB95F1CD3CBE99B898AF"
deps_digest = "CAFAD8A7CF51067FB4358215BECB86BD100DD64E57C2AC8A7AE7D74B688F5965"
dependencies = [
  { id = "Codec", name = "Codec" },
  { id = "DosAttribute", name = "DosAttribute" },
  { id = "DosBucket", name = "DosBucket" },
  { id = "DosCollection", name = "DosCollection" },
  { id = "DosImage", name = "DosImage" },
  { id = "DosSilo", name = "DosSilo" },
  { id = "Sui", name = "Sui" },
]

[[move.package]]
id = "Codec"
source = { git = "https://github.com/sui-potatoes/app.git", rev = "main", subdir = "packages/codec" }

dependencies = [
  { id = "Sui", name = "Sui" },
]

[[move.package]]
id = "DosAttribute"
source = { git = "https://github.com/CascadeFoundation/dos_attribute.git", rev = "main", subdir = "" }

dependencies = [
  { id = "Sui", name = "Sui" },
]

[[move.package]]
id = "DosBucket"
source = { git = "https://github.com/CascadeFoundation/dos_bucket.git", rev = "main", subdir = "" }

dependencies = [
  { id = "Sui", name = "Sui" },
  { id = "Walrus", name = "Walrus" },
]

[[move.package]]
id = "DosCollection"
source = { git = "https://github.com/CascadeFoundation/dos_collection.git", rev = "main", subdir = "" }

dependencies = [
  { id = "DosBucket", name = "DosBucket" },
  { id = "Sui", name = "Sui" },
]

[[move.package]]
id = "DosImage"
source = { git = "https://github.com/CascadeFoundation/dos_image.git", rev = "main", subdir = "" }

dependencies = [
  { id = "DosBucket", name = "DosBucket" },
  { id = "Sui", name = "Sui" },
]

[[move.package]]
id = "DosSilo"
source = { git = "https://github.com/CascadeFoundation/dos_silo.git", rev = "main", subdir = "" }

dependencies = [
  { id = "Sui", name = "Sui" },
]

[[move.package]]
id = "MoveStdlib"
source = { git = "https://github.com/MystenLabs/sui.git", rev = "framework/mainnet", subdir = "crates/sui-framework/packages/move-stdlib" }

[[move.package]]
id = "Sui"
source = { git = "https://github.com/MystenLabs/sui.git", rev = "framework/mainnet", subdir = "crates/sui-framework/packages/sui-framework" }

dependencies = [
  { id = "MoveStdlib", name = "MoveStdlib" },
]

[[move.package]]
id = "WAL"
source = { git = "https://github.com/MystenLabs/walrus-docs.git", rev = "main", subdir = "contracts/wal" }

dependencies = [
  { id = "Sui", name = "Sui" },
]

[[move.package]]
id = "WAL_exchange"
source = { git = "https://github.com/MystenLabs/walrus-docs.git", rev = "main", subdir = "contracts/wal_exchange" }

dependencies = [
  { id = "Sui", name = "Sui" },
  { id = "WAL", name = "WAL" },
]

[[move.package]]
id = "Walrus"
source = { git = "https://github.com/MystenLabs/walrus-docs.git", rev = "main", subdir = "contracts/walrus" }

dependencies = [
  { id = "Sui", name = "Sui" },
  { id = "WAL", name = "WAL" },
  { id = "WAL_exchange", name = "WAL_exchange" },
]

[move.toolchain-version]
compiler-version = "1.44.2"
edition = "2024.beta"
flavor = "sui"

[env]

[env.testnet]
chain-id = "4c78adac"
original-published-id = "0x0000000000000000000000000000000000000000000000000000000000000000"
latest-published-id = "0x76f933af83c082117ecb2f9d446a5161b83e706f3d36f8684510cac43326a1cb"
published-version = "1"
